{
  "name": "Triibe",
  "lockfileVersion": 2,
  "requires": true,
  "packages": {
    "": {
      "dependencies": {
        "alertifyjs": "^1.13.1",
        "animate.css": "^4.1.1",
        "bootstrap": "^5.1.3",
        "hover.css": "^2.3.2",
        "jquery": "^3.6.0",
        "typed.js": "^2.0.12"
      }
    },
    "node_modules/alertifyjs": {
      "version": "1.13.1",
      "resolved": "https://registry.npmjs.org/alertifyjs/-/alertifyjs-1.13.1.tgz",
      "integrity": "sha512-CckZE2dZDsEEXglOXKxT00vUDV5A6udZom+bn1XHdIWlbSFZgYq7UXCBlwkShhIH3Li/1VxLmr55GOQFQ12WSg=="
    },
    "node_modules/animate.css": {
      "version": "4.1.1",
      "resolved": "https://registry.npmjs.org/animate.css/-/animate.css-4.1.1.tgz",
      "integrity": "sha512-+mRmCTv6SbCmtYJCN4faJMNFVNN5EuCTTprDTAo7YzIGji2KADmakjVA3+8mVDkZ2Bf09vayB35lSQIex2+QaQ=="
    },
    "node_modules/bootstrap": {
      "version": "5.1.3",
      "resolved": "https://registry.npmjs.org/bootstrap/-/bootstrap-5.1.3.tgz",
      "integrity": "sha512-fcQztozJ8jToQWXxVuEyXWW+dSo8AiXWKwiSSrKWsRB/Qt+Ewwza+JWoLKiTuQLaEPhdNAJ7+Dosc9DOIqNy7Q==",
      "funding": {
        "type": "opencollective",
        "url": "https://opencollective.com/bootstrap"
      },
      "peerDependencies": {
        "@popperjs/core": "^2.10.2"
      }
    },
    "node_modules/hover.css": {
      "version": "2.3.2",
      "resolved": "https://registry.npmjs.org/hover.css/-/hover.css-2.3.2.tgz",
      "integrity": "sha1-8HGT2cdAnU45UTTTsiFbmetV4NM="
    },
    "node_modules/jquery": {
      "version": "3.6.0",
      "resolved": "https://registry.npmjs.org/jquery/-/jquery-3.6.0.tgz",
      "integrity": "sha512-JVzAR/AjBvVt2BmYhxRCSYysDsPcssdmTFnzyLEts9qNwmjmu4JTAMYubEfwVOSwpQ1I1sKKFcxhZCI2buerfw=="
    },
    "node_modules/typed.js": {
      "version": "2.0.12",
      "resolved": "https://registry.npmjs.org/typed.js/-/typed.js-2.0.12.tgz",
      "integrity": "sha512-lyACZh1cu+vpfYY3DG/bvsGLXXbdoDDpWxmqta10IQUdMXisMXOEyl+jos+YT9uBbzK4QaKYBjT3R0kTJO0Slw=="
    }
  },
  "dependencies": {
    "alertifyjs": {
      "version": "1.13.1",
      "resolved": "https://registry.npmjs.org/alertifyjs/-/alertifyjs-1.13.1.tgz",
      "integrity": "sha512-CckZE2dZDsEEXglOXKxT00vUDV5A6udZom+bn1XHdIWlbSFZgYq7UXCBlwkShhIH3Li/1VxLmr55GOQFQ12WSg=="
    },
    "animate.css": {
      "version": "4.1.1",
      "resolved": "https://registry.npmjs.org/animate.css/-/animate.css-4.1.1.tgz",
      "integrity": "sha512-+mRmCTv6SbCmtYJCN4faJMNFVNN5EuCTTprDTAo7YzIGji2KADmakjVA3+8mVDkZ2Bf09vayB35lSQIex2+QaQ=="
    },
    "bootstrap": {
      "version": "5.1.3",
      "resolved": "https://registry.npmjs.org/bootstrap/-/bootstrap-5.1.3.tgz",
      "integrity": "sha512-fcQztozJ8jToQWXxVuEyXWW+dSo8AiXWKwiSSrKWsRB/Qt+Ewwza+JWoLKiTuQLaEPhdNAJ7+Dosc9DOIqNy7Q==",
      "requires": {}
    },
    "hover.css": {
      "version": "2.3.2",
      "resolved": "https://registry.npmjs.org/hover.css/-/hover.css-2.3.2.tgz",
      "integrity": "sha1-8HGT2cdAnU45UTTTsiFbmetV4NM="
    },
    "jquery": {
      "version": "3.6.0",
      "resolved": "https://registry.npmjs.org/jquery/-/jquery-3.6.0.tgz",
      "integrity": "sha512-JVzAR/AjBvVt2BmYhxRCSYysDsPcssdmTFnzyLEts9qNwmjmu4JTAMYubEfwVOSwpQ1I1sKKFcxhZCI2buerfw=="
    },
    "typed.js": {
      "version": "2.0.12",
      "resolved": "https://registry.npmjs.org/typed.js/-/typed.js-2.0.12.tgz",
      "integrity": "sha512-lyACZh1cu+vpfYY3DG/bvsGLXXbdoDDpWxmqta10IQUdMXisMXOEyl+jos+YT9uBbzK4QaKYBjT3R0kTJO0Slw=="
    }
  }
}
